Microsoft Visual Studio Solution File, Format Version 12.00
# Visual Studio 15
Project("{8BC9CEB8-8B4A-11D0-8D11-00A0C91BC942}") = "ALL_BUILD", "ALL_BUILD.vcxproj", "{862CD839-D379-3A8D-9A20-38CC7817F990}"
	ProjectSection(ProjectDependencies) = postProject
		{AAD29D81-6DBB-3923-A92E-0F2229461C58} = {AAD29D81-6DBB-3923-A92E-0F2229461C58}
		{87599D45-28F2-3397-899A-9EF3C2BA1685} = {87599D45-28F2-3397-899A-9EF3C2BA1685}
		{40FCF7F6-9D00-3A86-BB21-3F43593940C3} = {40FCF7F6-9D00-3A86-BB21-3F43593940C3}
		{DCB8C1CD-7CF7-322E-90A6-0BB47A2E91D3} = {DCB8C1CD-7CF7-322E-90A6-0BB47A2E91D3}
		{73296106-A845-316C-83F8-1CBB86204166} = {73296106-A845-316C-83F8-1CBB86204166}
		{BF17712B-0C6F-387D-8CBD-9C8FB483D693} = {BF17712B-0C6F-387D-8CBD-9C8FB483D693}
		{A5114153-87EE-37F1-B229-561CCC1CD314} = {A5114153-87EE-37F1-B229-561CCC1CD314}
		{716012F0-D298-34E7-82F2-71ADC7366BA7} = {716012F0-D298-34E7-82F2-71ADC7366BA7}
	EndProjectSection
EndProject
Project("{8BC9CEB8-8B4A-11D0-8D11-00A0C91BC942}") = "INSTALL", "INSTALL.vcxproj", "{8ABD12C5-DB11-3144-B2B9-D69B10C3FAB2}"
	ProjectSection(ProjectDependencies) = postProject
		{862CD839-D379-3A8D-9A20-38CC7817F990} = {862CD839-D379-3A8D-9A20-38CC7817F990}
		{87599D45-28F2-3397-899A-9EF3C2BA1685} = {87599D45-28F2-3397-899A-9EF3C2BA1685}
	EndProjectSection
EndProject
Project("{8BC9CEB8-8B4A-11D0-8D11-00A0C91BC942}") = "IrrXML", "contrib\irrXML\IrrXML.vcxproj", "{AAD29D81-6DBB-3923-A92E-0F2229461C58}"
	ProjectSection(ProjectDependencies) = postProject
		{87599D45-28F2-3397-899A-9EF3C2BA1685} = {87599D45-28F2-3397-899A-9EF3C2BA1685}
	EndProjectSection
EndProject
Project("{8BC9CEB8-8B4A-11D0-8D11-00A0C91BC942}") = "UpdateAssimpLibsDebugSymbolsAndDLLs", "UpdateAssimpLibsDebugSymbolsAndDLLs.vcxproj", "{D434A9B0-82A8-3B2A-9D12-F9DDEDE02964}"
	ProjectSection(ProjectDependencies) = postProject
		{87599D45-28F2-3397-899A-9EF3C2BA1685} = {87599D45-28F2-3397-899A-9EF3C2BA1685}
	EndProjectSection
EndProject
Project("{8BC9CEB8-8B4A-11D0-8D11-00A0C91BC942}") = "ZERO_CHECK", "ZERO_CHECK.vcxproj", "{87599D45-28F2-3397-899A-9EF3C2BA1685}"
	ProjectSection(ProjectDependencies) = postProject
	EndProjectSection
EndProject
Project("{8BC9CEB8-8B4A-11D0-8D11-00A0C91BC942}") = "assimp", "code\assimp.vcxproj", "{40FCF7F6-9D00-3A86-BB21-3F43593940C3}"
	ProjectSection(ProjectDependencies) = postProject
		{AAD29D81-6DBB-3923-A92E-0F2229461C58} = {AAD29D81-6DBB-3923-A92E-0F2229461C58}
		{87599D45-28F2-3397-899A-9EF3C2BA1685} = {87599D45-28F2-3397-899A-9EF3C2BA1685}
		{716012F0-D298-34E7-82F2-71ADC7366BA7} = {716012F0-D298-34E7-82F2-71ADC7366BA7}
	EndProjectSection
EndProject
Project("{8BC9CEB8-8B4A-11D0-8D11-00A0C91BC942}") = "assimp_cmd", "tools\assimp_cmd\assimp_cmd.vcxproj", "{DCB8C1CD-7CF7-322E-90A6-0BB47A2E91D3}"
	ProjectSection(ProjectDependencies) = postProject
		{AAD29D81-6DBB-3923-A92E-0F2229461C58} = {AAD29D81-6DBB-3923-A92E-0F2229461C58}
		{87599D45-28F2-3397-899A-9EF3C2BA1685} = {87599D45-28F2-3397-899A-9EF3C2BA1685}
		{40FCF7F6-9D00-3A86-BB21-3F43593940C3} = {40FCF7F6-9D00-3A86-BB21-3F43593940C3}
		{716012F0-D298-34E7-82F2-71ADC7366BA7} = {716012F0-D298-34E7-82F2-71ADC7366BA7}
	EndProjectSection
EndProject
Project("{8BC9CEB8-8B4A-11D0-8D11-00A0C91BC942}") = "assimp_viewer", "tools\assimp_view\assimp_viewer.vcxproj", "{73296106-A845-316C-83F8-1CBB86204166}"
	ProjectSection(ProjectDependencies) = postProject
		{AAD29D81-6DBB-3923-A92E-0F2229461C58} = {AAD29D81-6DBB-3923-A92E-0F2229461C58}
		{87599D45-28F2-3397-899A-9EF3C2BA1685} = {87599D45-28F2-3397-899A-9EF3C2BA1685}
		{40FCF7F6-9D00-3A86-BB21-3F43593940C3} = {40FCF7F6-9D00-3A86-BB21-3F43593940C3}
		{716012F0-D298-34E7-82F2-71ADC7366BA7} = {716012F0-D298-34E7-82F2-71ADC7366BA7}
	EndProjectSection
EndProject
Project("{8BC9CEB8-8B4A-11D0-8D11-00A0C91BC942}") = "uninstall", "uninstall.vcxproj", "{55ADEB3D-2C1E-34DC-AAA8-5C2E2705EF2F}"
	ProjectSection(ProjectDependencies) = postProject
		{87599D45-28F2-3397-899A-9EF3C2BA1685} = {87599D45-28F2-3397-899A-9EF3C2BA1685}
	EndProjectSection
EndProject
Project("{8BC9CEB8-8B4A-11D0-8D11-00A0C91BC942}") = "unit", "test\unit.vcxproj", "{BF17712B-0C6F-387D-8CBD-9C8FB483D693}"
	ProjectSection(ProjectDependencies) = postProject
		{AAD29D81-6DBB-3923-A92E-0F2229461C58} = {AAD29D81-6DBB-3923-A92E-0F2229461C58}
		{87599D45-28F2-3397-899A-9EF3C2BA1685} = {87599D45-28F2-3397-899A-9EF3C2BA1685}
		{40FCF7F6-9D00-3A86-BB21-3F43593940C3} = {40FCF7F6-9D00-3A86-BB21-3F43593940C3}
		{716012F0-D298-34E7-82F2-71ADC7366BA7} = {716012F0-D298-34E7-82F2-71ADC7366BA7}
	EndProjectSection
EndProject
Project("{8BC9CEB8-8B4A-11D0-8D11-00A0C91BC942}") = "zlib", "contrib\zlib\zlib.vcxproj", "{A5114153-87EE-37F1-B229-561CCC1CD314}"
	ProjectSection(ProjectDependencies) = postProject
		{87599D45-28F2-3397-899A-9EF3C2BA1685} = {87599D45-28F2-3397-899A-9EF3C2BA1685}
	EndProjectSection
EndProject
Project("{8BC9CEB8-8B4A-11D0-8D11-00A0C91BC942}") = "zlibstatic", "contrib\zlib\zlibstatic.vcxproj", "{716012F0-D298-34E7-82F2-71ADC7366BA7}"
	ProjectSection(ProjectDependencies) = postProject
		{87599D45-28F2-3397-899A-9EF3C2BA1685} = {87599D45-28F2-3397-899A-9EF3C2BA1685}
	EndProjectSection
EndProject
Global
	GlobalSection(SolutionConfigurationPlatforms) = preSolution
		Debug|Win32 = Debug|Win32
		Release|Win32 = Release|Win32
		MinSizeRel|Win32 = MinSizeRel|Win32
		RelWithDebInfo|Win32 = RelWithDebInfo|Win32
	EndGlobalSection
	GlobalSection(ProjectConfigurationPlatforms) = postSolution
		{862CD839-D379-3A8D-9A20-38CC7817F990}.Debug|Win32.ActiveCfg = Debug|Win32
		{862CD839-D379-3A8D-9A20-38CC7817F990}.Debug|Win32.Build.0 = Debug|Win32
		{862CD839-D379-3A8D-9A20-38CC7817F990}.Release|Win32.ActiveCfg = Release|Win32
		{862CD839-D379-3A8D-9A20-38CC7817F990}.Release|Win32.Build.0 = Release|Win32
		{862CD839-D379-3A8D-9A20-38CC7817F990}.MinSizeRel|Win32.ActiveCfg = MinSizeRel|Win32
		{862CD839-D379-3A8D-9A20-38CC7817F990}.MinSizeRel|Win32.Build.0 = MinSizeRel|Win32
		{862CD839-D379-3A8D-9A20-38CC7817F990}.RelWithDebInfo|Win32.ActiveCfg = RelWithDebInfo|Win32
		{862CD839-D379-3A8D-9A20-38CC7817F990}.RelWithDebInfo|Win32.Build.0 = RelWithDebInfo|Win32
		{8ABD12C5-DB11-3144-B2B9-D69B10C3FAB2}.Debug|Win32.ActiveCfg = Debug|Win32
		{8ABD12C5-DB11-3144-B2B9-D69B10C3FAB2}.Release|Win32.ActiveCfg = Release|Win32
		{8ABD12C5-DB11-3144-B2B9-D69B10C3FAB2}.MinSizeRel|Win32.ActiveCfg = MinSizeRel|Win32
		{8ABD12C5-DB11-3144-B2B9-D69B10C3FAB2}.RelWithDebInfo|Win32.ActiveCfg = RelWithDebInfo|Win32
		{AAD29D81-6DBB-3923-A92E-0F2229461C58}.Debug|Win32.ActiveCfg = Debug|Win32
		{AAD29D81-6DBB-3923-A92E-0F2229461C58}.Debug|Win32.Build.0 = Debug|Win32
		{AAD29D81-6DBB-3923-A92E-0F2229461C58}.Release|Win32.ActiveCfg = Release|Win32
		{AAD29D81-6DBB-3923-A92E-0F2229461C58}.Release|Win32.Build.0 = Release|Win32
		{AAD29D81-6DBB-3923-A92E-0F2229461C58}.MinSizeRel|Win32.ActiveCfg = MinSizeRel|Win32
		{AAD29D81-6DBB-3923-A92E-0F2229461C58}.MinSizeRel|Win32.Build.0 = MinSizeRel|Win32
		{AAD29D81-6DBB-3923-A92E-0F2229461C58}.RelWithDebInfo|Win32.ActiveCfg = RelWithDebInfo|Win32
		{AAD29D81-6DBB-3923-A92E-0F2229461C58}.RelWithDebInfo|Win32.Build.0 = RelWithDebInfo|Win32
		{D434A9B0-82A8-3B2A-9D12-F9DDEDE02964}.Debug|Win32.ActiveCfg = Debug|Win32
		{D434A9B0-82A8-3B2A-9D12-F9DDEDE02964}.Release|Win32.ActiveCfg = Release|Win32
		{D434A9B0-82A8-3B2A-9D12-F9DDEDE02964}.MinSizeRel|Win32.ActiveCfg = MinSizeRel|Win32
		{D434A9B0-82A8-3B2A-9D12-F9DDEDE02964}.RelWithDebInfo|Win32.ActiveCfg = RelWithDebInfo|Win32
		{87599D45-28F2-3397-899A-9EF3C2BA1685}.Debug|Win32.ActiveCfg = Debug|Win32
		{87599D45-28F2-3397-899A-9EF3C2BA1685}.Debug|Win32.Build.0 = Debug|Win32
		{87599D45-28F2-3397-899A-9EF3C2BA1685}.Release|Win32.ActiveCfg = Release|Win32
		{87599D45-28F2-3397-899A-9EF3C2BA1685}.Release|Win32.Build.0 = Release|Win32
		{87599D45-28F2-3397-899A-9EF3C2BA1685}.MinSizeRel|Win32.ActiveCfg = MinSizeRel|Win32
		{87599D45-28F2-3397-899A-9EF3C2BA1685}.MinSizeRel|Win32.Build.0 = MinSizeRel|Win32
		{87599D45-28F2-3397-899A-9EF3C2BA1685}.RelWithDebInfo|Win32.ActiveCfg = RelWithDebInfo|Win32
		{87599D45-28F2-3397-899A-9EF3C2BA1685}.RelWithDebInfo|Win32.Build.0 = RelWithDebInfo|Win32
		{40FCF7F6-9D00-3A86-BB21-3F43593940C3}.Debug|Win32.ActiveCfg = Debug|Win32
		{40FCF7F6-9D00-3A86-BB21-3F43593940C3}.Debug|Win32.Build.0 = Debug|Win32
		{40FCF7F6-9D00-3A86-BB21-3F43593940C3}.Release|Win32.ActiveCfg = Release|Win32
		{40FCF7F6-9D00-3A86-BB21-3F43593940C3}.Release|Win32.Build.0 = Release|Win32
		{40FCF7F6-9D00-3A86-BB21-3F43593940C3}.MinSizeRel|Win32.ActiveCfg = MinSizeRel|Win32
		{40FCF7F6-9D00-3A86-BB21-3F43593940C3}.MinSizeRel|Win32.Build.0 = MinSizeRel|Win32
		{40FCF7F6-9D00-3A86-BB21-3F43593940C3}.RelWithDebInfo|Win32.ActiveCfg = RelWithDebInfo|Win32
		{40FCF7F6-9D00-3A86-BB21-3F43593940C3}.RelWithDebInfo|Win32.Build.0 = RelWithDebInfo|Win32
		{DCB8C1CD-7CF7-322E-90A6-0BB47A2E91D3}.Debug|Win32.ActiveCfg = Debug|Win32
		{DCB8C1CD-7CF7-322E-90A6-0BB47A2E91D3}.Debug|Win32.Build.0 = Debug|Win32
		{DCB8C1CD-7CF7-322E-90A6-0BB47A2E91D3}.Release|Win32.ActiveCfg = Release|Win32
		{DCB8C1CD-7CF7-322E-90A6-0BB47A2E91D3}.Release|Win32.Build.0 = Release|Win32
		{DCB8C1CD-7CF7-322E-90A6-0BB47A2E91D3}.MinSizeRel|Win32.ActiveCfg = MinSizeRel|Win32
		{DCB8C1CD-7CF7-322E-90A6-0BB47A2E91D3}.MinSizeRel|Win32.Build.0 = MinSizeRel|Win32
		{DCB8C1CD-7CF7-322E-90A6-0BB47A2E91D3}.RelWithDebInfo|Win32.ActiveCfg = RelWithDebInfo|Win32
		{DCB8C1CD-7CF7-322E-90A6-0BB47A2E91D3}.RelWithDebInfo|Win32.Build.0 = RelWithDebInfo|Win32
		{73296106-A845-316C-83F8-1CBB86204166}.Debug|Win32.ActiveCfg = Debug|Win32
		{73296106-A845-316C-83F8-1CBB86204166}.Debug|Win32.Build.0 = Debug|Win32
		{73296106-A845-316C-83F8-1CBB86204166}.Release|Win32.ActiveCfg = Release|Win32
		{73296106-A845-316C-83F8-1CBB86204166}.Release|Win32.Build.0 = Release|Win32
		{73296106-A845-316C-83F8-1CBB86204166}.MinSizeRel|Win32.ActiveCfg = MinSizeRel|Win32
		{73296106-A845-316C-83F8-1CBB86204166}.MinSizeRel|Win32.Build.0 = MinSizeRel|Win32
		{73296106-A845-316C-83F8-1CBB86204166}.RelWithDebInfo|Win32.ActiveCfg = RelWithDebInfo|Win32
		{73296106-A845-316C-83F8-1CBB86204166}.RelWithDebInfo|Win32.Build.0 = RelWithDebInfo|Win32
		{55ADEB3D-2C1E-34DC-AAA8-5C2E2705EF2F}.Debug|Win32.ActiveCfg = Debug|Win32
		{55ADEB3D-2C1E-34DC-AAA8-5C2E2705EF2F}.Release|Win32.ActiveCfg = Release|Win32
		{55ADEB3D-2C1E-34DC-AAA8-5C2E2705EF2F}.MinSizeRel|Win32.ActiveCfg = MinSizeRel|Win32
		{55ADEB3D-2C1E-34DC-AAA8-5C2E2705EF2F}.RelWithDebInfo|Win32.ActiveCfg = RelWithDebInfo|Win32
		{BF17712B-0C6F-387D-8CBD-9C8FB483D693}.Debug|Win32.ActiveCfg = Debug|Win32
		{BF17712B-0C6F-387D-8CBD-9C8FB483D693}.Debug|Win32.Build.0 = Debug|Win32
		{BF17712B-0C6F-387D-8CBD-9C8FB483D693}.Release|Win32.ActiveCfg = Release|Win32
		{BF17712B-0C6F-387D-8CBD-9C8FB483D693}.Release|Win32.Build.0 = Release|Win32
		{BF17712B-0C6F-387D-8CBD-9C8FB483D693}.MinSizeRel|Win32.ActiveCfg = MinSizeRel|Win32
		{BF17712B-0C6F-387D-8CBD-9C8FB483D693}.MinSizeRel|Win32.Build.0 = MinSizeRel|Win32
		{BF17712B-0C6F-387D-8CBD-9C8FB483D693}.RelWithDebInfo|Win32.ActiveCfg = RelWithDebInfo|Win32
		{BF17712B-0C6F-387D-8CBD-9C8FB483D693}.RelWithDebInfo|Win32.Build.0 = RelWithDebInfo|Win32
		{A5114153-87EE-37F1-B229-561CCC1CD314}.Debug|Win32.ActiveCfg = Debug|Win32
		{A5114153-87EE-37F1-B229-561CCC1CD314}.Debug|Win32.Build.0 = Debug|Win32
		{A5114153-87EE-37F1-B229-561CCC1CD314}.Release|Win32.ActiveCfg = Release|Win32
		{A5114153-87EE-37F1-B229-561CCC1CD314}.Release|Win32.Build.0 = Release|Win32
		{A5114153-87EE-37F1-B229-561CCC1CD314}.MinSizeRel|Win32.ActiveCfg = MinSizeRel|Win32
		{A5114153-87EE-37F1-B229-561CCC1CD314}.MinSizeRel|Win32.Build.0 = MinSizeRel|Win32
		{A5114153-87EE-37F1-B229-561CCC1CD314}.RelWithDebInfo|Win32.ActiveCfg = RelWithDebInfo|Win32
		{A5114153-87EE-37F1-B229-561CCC1CD314}.RelWithDebInfo|Win32.Build.0 = RelWithDebInfo|Win32
		{716012F0-D298-34E7-82F2-71ADC7366BA7}.Debug|Win32.ActiveCfg = Debug|Win32
		{716012F0-D298-34E7-82F2-71ADC7366BA7}.Debug|Win32.Build.0 = Debug|Win32
		{716012F0-D298-34E7-82F2-71ADC7366BA7}.Release|Win32.ActiveCfg = Release|Win32
		{716012F0-D298-34E7-82F2-71ADC7366BA7}.Release|Win32.Build.0 = Release|Win32
		{716012F0-D298-34E7-82F2-71ADC7366BA7}.MinSizeRel|Win32.ActiveCfg = MinSizeRel|Win32
		{716012F0-D298-34E7-82F2-71ADC7366BA7}.MinSizeRel|Win32.Build.0 = MinSizeRel|Win32
		{716012F0-D298-34E7-82F2-71ADC7366BA7}.RelWithDebInfo|Win32.ActiveCfg = RelWithDebInfo|Win32
		{716012F0-D298-34E7-82F2-71ADC7366BA7}.RelWithDebInfo|Win32.Build.0 = RelWithDebInfo|Win32
	EndGlobalSection
	GlobalSection(ExtensibilityGlobals) = postSolution
		SolutionGuid = {5C3A8DF1-745A-3F1C-ADA3-61669FA84DB6}
	EndGlobalSection
	GlobalSection(ExtensibilityAddIns) = postSolution
	EndGlobalSection
EndGlobal
