Microsoft Visual Studio Solution File, Format Version 12.00
# Visual Studio 15
Project("{8BC9CEB8-8B4A-11D0-8D11-00A0C91BC942}") = "ALL_BUILD", "ALL_BUILD.vcxproj", "{373F28E7-FA7A-3D45-B359-F6C51486FC70}"
	ProjectSection(ProjectDependencies) = postProject
		{30EAA7AE-AA23-36E8-A354-B683BD28A272} = {30EAA7AE-AA23-36E8-A354-B683BD28A272}
		{C5AD88BF-5B95-3055-87A2-C12F0D41B871} = {C5AD88BF-5B95-3055-87A2-C12F0D41B871}
		{AEC9772F-D760-31FE-ABDA-B6EC61707CC8} = {AEC9772F-D760-31FE-ABDA-B6EC61707CC8}
		{2F43025C-9483-350F-9F44-EFF0A8F31158} = {2F43025C-9483-350F-9F44-EFF0A8F31158}
		{5AA1887B-2937-3368-9780-26CC8DE4FEEF} = {5AA1887B-2937-3368-9780-26CC8DE4FEEF}
		{288A0E30-59ED-3313-8186-B12426F7520A} = {288A0E30-59ED-3313-8186-B12426F7520A}
		{F4CAF0E9-338A-330A-A4DB-57BEB4C7A1C0} = {F4CAF0E9-338A-330A-A4DB-57BEB4C7A1C0}
		{3663CFAC-76C0-393D-8D04-3B8B2A704633} = {3663CFAC-76C0-393D-8D04-3B8B2A704633}
	EndProjectSection
EndProject
Project("{8BC9CEB8-8B4A-11D0-8D11-00A0C91BC942}") = "INSTALL", "INSTALL.vcxproj", "{B4A33765-CFB0-3632-927B-BCA592ABE70E}"
	ProjectSection(ProjectDependencies) = postProject
		{373F28E7-FA7A-3D45-B359-F6C51486FC70} = {373F28E7-FA7A-3D45-B359-F6C51486FC70}
		{C5AD88BF-5B95-3055-87A2-C12F0D41B871} = {C5AD88BF-5B95-3055-87A2-C12F0D41B871}
	EndProjectSection
EndProject
Project("{8BC9CEB8-8B4A-11D0-8D11-00A0C91BC942}") = "IrrXML", "contrib\irrXML\IrrXML.vcxproj", "{30EAA7AE-AA23-36E8-A354-B683BD28A272}"
	ProjectSection(ProjectDependencies) = postProject
		{C5AD88BF-5B95-3055-87A2-C12F0D41B871} = {C5AD88BF-5B95-3055-87A2-C12F0D41B871}
	EndProjectSection
EndProject
Project("{8BC9CEB8-8B4A-11D0-8D11-00A0C91BC942}") = "UpdateAssimpLibsDebugSymbolsAndDLLs", "UpdateAssimpLibsDebugSymbolsAndDLLs.vcxproj", "{06093CB5-B278-3798-9D27-F335BE6D4EC4}"
	ProjectSection(ProjectDependencies) = postProject
		{C5AD88BF-5B95-3055-87A2-C12F0D41B871} = {C5AD88BF-5B95-3055-87A2-C12F0D41B871}
	EndProjectSection
EndProject
Project("{8BC9CEB8-8B4A-11D0-8D11-00A0C91BC942}") = "ZERO_CHECK", "ZERO_CHECK.vcxproj", "{C5AD88BF-5B95-3055-87A2-C12F0D41B871}"
	ProjectSection(ProjectDependencies) = postProject
	EndProjectSection
EndProject
Project("{8BC9CEB8-8B4A-11D0-8D11-00A0C91BC942}") = "assimp", "code\assimp.vcxproj", "{AEC9772F-D760-31FE-ABDA-B6EC61707CC8}"
	ProjectSection(ProjectDependencies) = postProject
		{30EAA7AE-AA23-36E8-A354-B683BD28A272} = {30EAA7AE-AA23-36E8-A354-B683BD28A272}
		{C5AD88BF-5B95-3055-87A2-C12F0D41B871} = {C5AD88BF-5B95-3055-87A2-C12F0D41B871}
		{3663CFAC-76C0-393D-8D04-3B8B2A704633} = {3663CFAC-76C0-393D-8D04-3B8B2A704633}
	EndProjectSection
EndProject
Project("{8BC9CEB8-8B4A-11D0-8D11-00A0C91BC942}") = "assimp_cmd", "tools\assimp_cmd\assimp_cmd.vcxproj", "{2F43025C-9483-350F-9F44-EFF0A8F31158}"
	ProjectSection(ProjectDependencies) = postProject
		{30EAA7AE-AA23-36E8-A354-B683BD28A272} = {30EAA7AE-AA23-36E8-A354-B683BD28A272}
		{C5AD88BF-5B95-3055-87A2-C12F0D41B871} = {C5AD88BF-5B95-3055-87A2-C12F0D41B871}
		{AEC9772F-D760-31FE-ABDA-B6EC61707CC8} = {AEC9772F-D760-31FE-ABDA-B6EC61707CC8}
		{3663CFAC-76C0-393D-8D04-3B8B2A704633} = {3663CFAC-76C0-393D-8D04-3B8B2A704633}
	EndProjectSection
EndProject
Project("{8BC9CEB8-8B4A-11D0-8D11-00A0C91BC942}") = "assimp_viewer", "tools\assimp_view\assimp_viewer.vcxproj", "{5AA1887B-2937-3368-9780-26CC8DE4FEEF}"
	ProjectSection(ProjectDependencies) = postProject
		{30EAA7AE-AA23-36E8-A354-B683BD28A272} = {30EAA7AE-AA23-36E8-A354-B683BD28A272}
		{C5AD88BF-5B95-3055-87A2-C12F0D41B871} = {C5AD88BF-5B95-3055-87A2-C12F0D41B871}
		{AEC9772F-D760-31FE-ABDA-B6EC61707CC8} = {AEC9772F-D760-31FE-ABDA-B6EC61707CC8}
		{3663CFAC-76C0-393D-8D04-3B8B2A704633} = {3663CFAC-76C0-393D-8D04-3B8B2A704633}
	EndProjectSection
EndProject
Project("{8BC9CEB8-8B4A-11D0-8D11-00A0C91BC942}") = "uninstall", "uninstall.vcxproj", "{D7063265-2872-3709-B5E9-759A7011DF5E}"
	ProjectSection(ProjectDependencies) = postProject
		{C5AD88BF-5B95-3055-87A2-C12F0D41B871} = {C5AD88BF-5B95-3055-87A2-C12F0D41B871}
	EndProjectSection
EndProject
Project("{8BC9CEB8-8B4A-11D0-8D11-00A0C91BC942}") = "unit", "test\unit.vcxproj", "{288A0E30-59ED-3313-8186-B12426F7520A}"
	ProjectSection(ProjectDependencies) = postProject
		{30EAA7AE-AA23-36E8-A354-B683BD28A272} = {30EAA7AE-AA23-36E8-A354-B683BD28A272}
		{C5AD88BF-5B95-3055-87A2-C12F0D41B871} = {C5AD88BF-5B95-3055-87A2-C12F0D41B871}
		{AEC9772F-D760-31FE-ABDA-B6EC61707CC8} = {AEC9772F-D760-31FE-ABDA-B6EC61707CC8}
		{3663CFAC-76C0-393D-8D04-3B8B2A704633} = {3663CFAC-76C0-393D-8D04-3B8B2A704633}
	EndProjectSection
EndProject
Project("{8BC9CEB8-8B4A-11D0-8D11-00A0C91BC942}") = "zlib", "contrib\zlib\zlib.vcxproj", "{F4CAF0E9-338A-330A-A4DB-57BEB4C7A1C0}"
	ProjectSection(ProjectDependencies) = postProject
		{C5AD88BF-5B95-3055-87A2-C12F0D41B871} = {C5AD88BF-5B95-3055-87A2-C12F0D41B871}
	EndProjectSection
EndProject
Project("{8BC9CEB8-8B4A-11D0-8D11-00A0C91BC942}") = "zlibstatic", "contrib\zlib\zlibstatic.vcxproj", "{3663CFAC-76C0-393D-8D04-3B8B2A704633}"
	ProjectSection(ProjectDependencies) = postProject
		{C5AD88BF-5B95-3055-87A2-C12F0D41B871} = {C5AD88BF-5B95-3055-87A2-C12F0D41B871}
	EndProjectSection
EndProject
Global
	GlobalSection(SolutionConfigurationPlatforms) = preSolution
		Debug|x64 = Debug|x64
		Release|x64 = Release|x64
		MinSizeRel|x64 = MinSizeRel|x64
		RelWithDebInfo|x64 = RelWithDebInfo|x64
	EndGlobalSection
	GlobalSection(ProjectConfigurationPlatforms) = postSolution
		{373F28E7-FA7A-3D45-B359-F6C51486FC70}.Debug|x64.ActiveCfg = Debug|x64
		{373F28E7-FA7A-3D45-B359-F6C51486FC70}.Debug|x64.Build.0 = Debug|x64
		{373F28E7-FA7A-3D45-B359-F6C51486FC70}.Release|x64.ActiveCfg = Release|x64
		{373F28E7-FA7A-3D45-B359-F6C51486FC70}.Release|x64.Build.0 = Release|x64
		{373F28E7-FA7A-3D45-B359-F6C51486FC70}.MinSizeRel|x64.ActiveCfg = MinSizeRel|x64
		{373F28E7-FA7A-3D45-B359-F6C51486FC70}.MinSizeRel|x64.Build.0 = MinSizeRel|x64
		{373F28E7-FA7A-3D45-B359-F6C51486FC70}.RelWithDebInfo|x64.ActiveCfg = RelWithDebInfo|x64
		{373F28E7-FA7A-3D45-B359-F6C51486FC70}.RelWithDebInfo|x64.Build.0 = RelWithDebInfo|x64
		{B4A33765-CFB0-3632-927B-BCA592ABE70E}.Debug|x64.ActiveCfg = Debug|x64
		{B4A33765-CFB0-3632-927B-BCA592ABE70E}.Release|x64.ActiveCfg = Release|x64
		{B4A33765-CFB0-3632-927B-BCA592ABE70E}.MinSizeRel|x64.ActiveCfg = MinSizeRel|x64
		{B4A33765-CFB0-3632-927B-BCA592ABE70E}.RelWithDebInfo|x64.ActiveCfg = RelWithDebInfo|x64
		{30EAA7AE-AA23-36E8-A354-B683BD28A272}.Debug|x64.ActiveCfg = Debug|x64
		{30EAA7AE-AA23-36E8-A354-B683BD28A272}.Debug|x64.Build.0 = Debug|x64
		{30EAA7AE-AA23-36E8-A354-B683BD28A272}.Release|x64.ActiveCfg = Release|x64
		{30EAA7AE-AA23-36E8-A354-B683BD28A272}.Release|x64.Build.0 = Release|x64
		{30EAA7AE-AA23-36E8-A354-B683BD28A272}.MinSizeRel|x64.ActiveCfg = MinSizeRel|x64
		{30EAA7AE-AA23-36E8-A354-B683BD28A272}.MinSizeRel|x64.Build.0 = MinSizeRel|x64
		{30EAA7AE-AA23-36E8-A354-B683BD28A272}.RelWithDebInfo|x64.ActiveCfg = RelWithDebInfo|x64
		{30EAA7AE-AA23-36E8-A354-B683BD28A272}.RelWithDebInfo|x64.Build.0 = RelWithDebInfo|x64
		{06093CB5-B278-3798-9D27-F335BE6D4EC4}.Debug|x64.ActiveCfg = Debug|x64
		{06093CB5-B278-3798-9D27-F335BE6D4EC4}.Release|x64.ActiveCfg = Release|x64
		{06093CB5-B278-3798-9D27-F335BE6D4EC4}.MinSizeRel|x64.ActiveCfg = MinSizeRel|x64
		{06093CB5-B278-3798-9D27-F335BE6D4EC4}.RelWithDebInfo|x64.ActiveCfg = RelWithDebInfo|x64
		{C5AD88BF-5B95-3055-87A2-C12F0D41B871}.Debug|x64.ActiveCfg = Debug|x64
		{C5AD88BF-5B95-3055-87A2-C12F0D41B871}.Debug|x64.Build.0 = Debug|x64
		{C5AD88BF-5B95-3055-87A2-C12F0D41B871}.Release|x64.ActiveCfg = Release|x64
		{C5AD88BF-5B95-3055-87A2-C12F0D41B871}.Release|x64.Build.0 = Release|x64
		{C5AD88BF-5B95-3055-87A2-C12F0D41B871}.MinSizeRel|x64.ActiveCfg = MinSizeRel|x64
		{C5AD88BF-5B95-3055-87A2-C12F0D41B871}.MinSizeRel|x64.Build.0 = MinSizeRel|x64
		{C5AD88BF-5B95-3055-87A2-C12F0D41B871}.RelWithDebInfo|x64.ActiveCfg = RelWithDebInfo|x64
		{C5AD88BF-5B95-3055-87A2-C12F0D41B871}.RelWithDebInfo|x64.Build.0 = RelWithDebInfo|x64
		{AEC9772F-D760-31FE-ABDA-B6EC61707CC8}.Debug|x64.ActiveCfg = Debug|x64
		{AEC9772F-D760-31FE-ABDA-B6EC61707CC8}.Debug|x64.Build.0 = Debug|x64
		{AEC9772F-D760-31FE-ABDA-B6EC61707CC8}.Release|x64.ActiveCfg = Release|x64
		{AEC9772F-D760-31FE-ABDA-B6EC61707CC8}.Release|x64.Build.0 = Release|x64
		{AEC9772F-D760-31FE-ABDA-B6EC61707CC8}.MinSizeRel|x64.ActiveCfg = MinSizeRel|x64
		{AEC9772F-D760-31FE-ABDA-B6EC61707CC8}.MinSizeRel|x64.Build.0 = MinSizeRel|x64
		{AEC9772F-D760-31FE-ABDA-B6EC61707CC8}.RelWithDebInfo|x64.ActiveCfg = RelWithDebInfo|x64
		{AEC9772F-D760-31FE-ABDA-B6EC61707CC8}.RelWithDebInfo|x64.Build.0 = RelWithDebInfo|x64
		{2F43025C-9483-350F-9F44-EFF0A8F31158}.Debug|x64.ActiveCfg = Debug|x64
		{2F43025C-9483-350F-9F44-EFF0A8F31158}.Debug|x64.Build.0 = Debug|x64
		{2F43025C-9483-350F-9F44-EFF0A8F31158}.Release|x64.ActiveCfg = Release|x64
		{2F43025C-9483-350F-9F44-EFF0A8F31158}.Release|x64.Build.0 = Release|x64
		{2F43025C-9483-350F-9F44-EFF0A8F31158}.MinSizeRel|x64.ActiveCfg = MinSizeRel|x64
		{2F43025C-9483-350F-9F44-EFF0A8F31158}.MinSizeRel|x64.Build.0 = MinSizeRel|x64
		{2F43025C-9483-350F-9F44-EFF0A8F31158}.RelWithDebInfo|x64.ActiveCfg = RelWithDebInfo|x64
		{2F43025C-9483-350F-9F44-EFF0A8F31158}.RelWithDebInfo|x64.Build.0 = RelWithDebInfo|x64
		{5AA1887B-2937-3368-9780-26CC8DE4FEEF}.Debug|x64.ActiveCfg = Debug|x64
		{5AA1887B-2937-3368-9780-26CC8DE4FEEF}.Debug|x64.Build.0 = Debug|x64
		{5AA1887B-2937-3368-9780-26CC8DE4FEEF}.Release|x64.ActiveCfg = Release|x64
		{5AA1887B-2937-3368-9780-26CC8DE4FEEF}.Release|x64.Build.0 = Release|x64
		{5AA1887B-2937-3368-9780-26CC8DE4FEEF}.MinSizeRel|x64.ActiveCfg = MinSizeRel|x64
		{5AA1887B-2937-3368-9780-26CC8DE4FEEF}.MinSizeRel|x64.Build.0 = MinSizeRel|x64
		{5AA1887B-2937-3368-9780-26CC8DE4FEEF}.RelWithDebInfo|x64.ActiveCfg = RelWithDebInfo|x64
		{5AA1887B-2937-3368-9780-26CC8DE4FEEF}.RelWithDebInfo|x64.Build.0 = RelWithDebInfo|x64
		{D7063265-2872-3709-B5E9-759A7011DF5E}.Debug|x64.ActiveCfg = Debug|x64
		{D7063265-2872-3709-B5E9-759A7011DF5E}.Release|x64.ActiveCfg = Release|x64
		{D7063265-2872-3709-B5E9-759A7011DF5E}.MinSizeRel|x64.ActiveCfg = MinSizeRel|x64
		{D7063265-2872-3709-B5E9-759A7011DF5E}.RelWithDebInfo|x64.ActiveCfg = RelWithDebInfo|x64
		{288A0E30-59ED-3313-8186-B12426F7520A}.Debug|x64.ActiveCfg = Debug|x64
		{288A0E30-59ED-3313-8186-B12426F7520A}.Debug|x64.Build.0 = Debug|x64
		{288A0E30-59ED-3313-8186-B12426F7520A}.Release|x64.ActiveCfg = Release|x64
		{288A0E30-59ED-3313-8186-B12426F7520A}.Release|x64.Build.0 = Release|x64
		{288A0E30-59ED-3313-8186-B12426F7520A}.MinSizeRel|x64.ActiveCfg = MinSizeRel|x64
		{288A0E30-59ED-3313-8186-B12426F7520A}.MinSizeRel|x64.Build.0 = MinSizeRel|x64
		{288A0E30-59ED-3313-8186-B12426F7520A}.RelWithDebInfo|x64.ActiveCfg = RelWithDebInfo|x64
		{288A0E30-59ED-3313-8186-B12426F7520A}.RelWithDebInfo|x64.Build.0 = RelWithDebInfo|x64
		{F4CAF0E9-338A-330A-A4DB-57BEB4C7A1C0}.Debug|x64.ActiveCfg = Debug|x64
		{F4CAF0E9-338A-330A-A4DB-57BEB4C7A1C0}.Debug|x64.Build.0 = Debug|x64
		{F4CAF0E9-338A-330A-A4DB-57BEB4C7A1C0}.Release|x64.ActiveCfg = Release|x64
		{F4CAF0E9-338A-330A-A4DB-57BEB4C7A1C0}.Release|x64.Build.0 = Release|x64
		{F4CAF0E9-338A-330A-A4DB-57BEB4C7A1C0}.MinSizeRel|x64.ActiveCfg = MinSizeRel|x64
		{F4CAF0E9-338A-330A-A4DB-57BEB4C7A1C0}.MinSizeRel|x64.Build.0 = MinSizeRel|x64
		{F4CAF0E9-338A-330A-A4DB-57BEB4C7A1C0}.RelWithDebInfo|x64.ActiveCfg = RelWithDebInfo|x64
		{F4CAF0E9-338A-330A-A4DB-57BEB4C7A1C0}.RelWithDebInfo|x64.Build.0 = RelWithDebInfo|x64
		{3663CFAC-76C0-393D-8D04-3B8B2A704633}.Debug|x64.ActiveCfg = Debug|x64
		{3663CFAC-76C0-393D-8D04-3B8B2A704633}.Debug|x64.Build.0 = Debug|x64
		{3663CFAC-76C0-393D-8D04-3B8B2A704633}.Release|x64.ActiveCfg = Release|x64
		{3663CFAC-76C0-393D-8D04-3B8B2A704633}.Release|x64.Build.0 = Release|x64
		{3663CFAC-76C0-393D-8D04-3B8B2A704633}.MinSizeRel|x64.ActiveCfg = MinSizeRel|x64
		{3663CFAC-76C0-393D-8D04-3B8B2A704633}.MinSizeRel|x64.Build.0 = MinSizeRel|x64
		{3663CFAC-76C0-393D-8D04-3B8B2A704633}.RelWithDebInfo|x64.ActiveCfg = RelWithDebInfo|x64
		{3663CFAC-76C0-393D-8D04-3B8B2A704633}.RelWithDebInfo|x64.Build.0 = RelWithDebInfo|x64
	EndGlobalSection
	GlobalSection(ExtensibilityGlobals) = postSolution
		SolutionGuid = {DE9F82B8-4CF3-3015-A499-539559BF83B9}
	EndGlobalSection
	GlobalSection(ExtensibilityAddIns) = postSolution
	EndGlobalSection
EndGlobal
