<?xml version="1.0" encoding="utf-8"?>
<Project ToolsVersion="15.0" xmlns="http://schemas.microsoft.com/developer/msbuild/2003">
  <ItemGroup>
    <CustomBuild Include="F:\Dokumente\GitHub\ray-tracer\RayTracer\lib\assimp-5.0.1\BINARIES\Win32\CMakeFiles\d543cb7f38b0c30cb8d652ebb3c32e88\INSTALL_force.rule">
      <Filter>CMake Rules</Filter>
    </CustomBuild>
  </ItemGroup>
  <ItemGroup>
    <Filter Include="CMake Rules">
      <UniqueIdentifier>{3B7375CA-D66F-34A9-BEC6-379BF46A6C1D}</UniqueIdentifier>
    </Filter>
  </ItemGroup>
</Project>
